// !$*UTF8*$!
{
	archiveVersion = 1;
	classes = {
	};
	objectVersion = 55;
	objects = {

/* Begin PBXBuildFile section */
		0C0178EC290810D700E37847 /* NearbyDetailImageCollectionViewCell.swift in Sources */ = {isa = PBXBuildFile; fileRef = 0C0178EB290810D700E37847 /* NearbyDetailImageCollectionViewCell.swift */; };
		0C177B9C28ED7D6D0092A835 /* InformationDetailViewController.swift in Sources */ = {isa = PBXBuildFile; fileRef = 0C177B9B28ED7D6D0092A835 /* InformationDetailViewController.swift */; };
		0C177B9E28ED7DA60092A835 /* InformationDetailTableViewController.swift in Sources */ = {isa = PBXBuildFile; fileRef = 0C177B9D28ED7DA60092A835 /* InformationDetailTableViewController.swift */; };
		0C234CE42903FCBA00BA08E3 /* ResultViewController.swift in Sources */ = {isa = PBXBuildFile; fileRef = 0C234CE32903FCBA00BA08E3 /* ResultViewController.swift */; };
		0C234CE82904086C00BA08E3 /* ImageClassifier.swift in Sources */ = {isa = PBXBuildFile; fileRef = 0C234CE72904086C00BA08E3 /* ImageClassifier.swift */; };
		0C4E26E4291A5C5300F9C511 /* ProfileCell.swift in Sources */ = {isa = PBXBuildFile; fileRef = 0C4E26E3291A5C5200F9C511 /* ProfileCell.swift */; };
		0C4E26E8291F964800F9C511 /* SkinSkanTest.mlmodel in Sources */ = {isa = PBXBuildFile; fileRef = 0C4E26E7291F964800F9C511 /* SkinSkanTest.mlmodel */; };
		0C4E26ED291FCE6200F9C511 /* SkinSkan.xcdatamodeld in Sources */ = {isa = PBXBuildFile; fileRef = 0C4E26EB291FCE6200F9C511 /* SkinSkan.xcdatamodeld */; };
		0C7DD6EA28EAC1250071AB78 /* Disease.swift in Sources */ = {isa = PBXBuildFile; fileRef = 0C7DD6E928EAC1250071AB78 /* Disease.swift */; };
		0C81C0632921085C00F6FEA3 /* FeedbackViewController.swift in Sources */ = {isa = PBXBuildFile; fileRef = 0C81C0622921085C00F6FEA3 /* FeedbackViewController.swift */; };
		0C81C0652921169700F6FEA3 /* AboutViewController.swift in Sources */ = {isa = PBXBuildFile; fileRef = 0C81C0642921169700F6FEA3 /* AboutViewController.swift */; };
		0C81C06A292165EE00F6FEA3 /* Prediction+CoreDataClass.swift in Sources */ = {isa = PBXBuildFile; fileRef = 0C81C068292165EE00F6FEA3 /* Prediction+CoreDataClass.swift */; };
		0C81C06B292165EE00F6FEA3 /* Prediction+CoreDataProperties.swift in Sources */ = {isa = PBXBuildFile; fileRef = 0C81C069292165EE00F6FEA3 /* Prediction+CoreDataProperties.swift */; };
		0C9DC15B28DC7A2900C49FD5 /* NearbyCell.swift in Sources */ = {isa = PBXBuildFile; fileRef = 0C9DC15A28DC7A2900C49FD5 /* NearbyCell.swift */; };
		0CA4D916290BFC5F00417FFF /* TableViewSections.swift in Sources */ = {isa = PBXBuildFile; fileRef = 0CA4D915290BFC5F00417FFF /* TableViewSections.swift */; };
		0CAC1C2128DD9D3E00AB3592 /* Dermatologist.swift in Sources */ = {isa = PBXBuildFile; fileRef = 0CAC1C2028DD9D3E00AB3592 /* Dermatologist.swift */; };
		0CAC1C2328DDA1EC00AB3592 /* NearbyViewController.swift in Sources */ = {isa = PBXBuildFile; fileRef = 0CAC1C2228DDA1EC00AB3592 /* NearbyViewController.swift */; };
		0CAC1C2528DDA93E00AB3592 /* NearbyDetailViewController.swift in Sources */ = {isa = PBXBuildFile; fileRef = 0CAC1C2428DDA93E00AB3592 /* NearbyDetailViewController.swift */; };
		0CAC1C2728DDADD900AB3592 /* NearbyDetailCell.swift in Sources */ = {isa = PBXBuildFile; fileRef = 0CAC1C2628DDADD900AB3592 /* NearbyDetailCell.swift */; };
		0CB7000729226CD600B4CBD4 /* TabBarViewController.swift in Sources */ = {isa = PBXBuildFile; fileRef = 0CB7000629226CD600B4CBD4 /* TabBarViewController.swift */; };
		0CDA9ED928E3584D00DB37F0 /* TestViewController.swift in Sources */ = {isa = PBXBuildFile; fileRef = 0CDA9ED828E3584D00DB37F0 /* TestViewController.swift */; };
		0CDC93DA28DB779F009E6E78 /* AppDelegate.swift in Sources */ = {isa = PBXBuildFile; fileRef = 0CDC93D928DB779F009E6E78 /* AppDelegate.swift */; };
		0CDC93DC28DB779F009E6E78 /* SceneDelegate.swift in Sources */ = {isa = PBXBuildFile; fileRef = 0CDC93DB28DB779F009E6E78 /* SceneDelegate.swift */; };
		0CDC93E128DB779F009E6E78 /* Main.storyboard in Resources */ = {isa = PBXBuildFile; fileRef = 0CDC93DF28DB779F009E6E78 /* Main.storyboard */; };
		0CDC93E328DB77A2009E6E78 /* Assets.xcassets in Resources */ = {isa = PBXBuildFile; fileRef = 0CDC93E228DB77A2009E6E78 /* Assets.xcassets */; };
		0CDC93E628DB77A2009E6E78 /* LaunchScreen.storyboard in Resources */ = {isa = PBXBuildFile; fileRef = 0CDC93E428DB77A2009E6E78 /* LaunchScreen.storyboard */; };
		0CDC93EE28DB7E80009E6E78 /* HomeViewController.swift in Sources */ = {isa = PBXBuildFile; fileRef = 0CDC93ED28DB7E80009E6E78 /* HomeViewController.swift */; };
		0CDC93F228DB814A009E6E78 /* InformationViewController.swift in Sources */ = {isa = PBXBuildFile; fileRef = 0CDC93F128DB814A009E6E78 /* InformationViewController.swift */; };
		0CDC93F628DB8182009E6E78 /* ProfileViewController.swift in Sources */ = {isa = PBXBuildFile; fileRef = 0CDC93F528DB8182009E6E78 /* ProfileViewController.swift */; };
		0CFDAF1728DDF86E00EAA5E5 /* NearbyDetailTableViewController.swift in Sources */ = {isa = PBXBuildFile; fileRef = 0CFDAF1628DDF86E00EAA5E5 /* NearbyDetailTableViewController.swift */; };
/* End PBXBuildFile section */

/* Begin PBXFileReference section */
		0C0178EB290810D700E37847 /* NearbyDetailImageCollectionViewCell.swift */ = {isa = PBXFileReference; lastKnownFileType = sourcecode.swift; path = NearbyDetailImageCollectionViewCell.swift; sourceTree = "<group>"; };
		0C177B9B28ED7D6D0092A835 /* InformationDetailViewController.swift */ = {isa = PBXFileReference; lastKnownFileType = sourcecode.swift; path = InformationDetailViewController.swift; sourceTree = "<group>"; };
		0C177B9D28ED7DA60092A835 /* InformationDetailTableViewController.swift */ = {isa = PBXFileReference; lastKnownFileType = sourcecode.swift; path = InformationDetailTableViewController.swift; sourceTree = "<group>"; };
		0C234CE32903FCBA00BA08E3 /* ResultViewController.swift */ = {isa = PBXFileReference; lastKnownFileType = sourcecode.swift; path = ResultViewController.swift; sourceTree = "<group>"; };
		0C234CE72904086C00BA08E3 /* ImageClassifier.swift */ = {isa = PBXFileReference; lastKnownFileType = sourcecode.swift; path = ImageClassifier.swift; sourceTree = "<group>"; };
		0C4E26E3291A5C5200F9C511 /* ProfileCell.swift */ = {isa = PBXFileReference; lastKnownFileType = sourcecode.swift; path = ProfileCell.swift; sourceTree = "<group>"; };
		0C4E26E7291F964800F9C511 /* SkinSkanTest.mlmodel */ = {isa = PBXFileReference; lastKnownFileType = file.mlmodel; path = SkinSkanTest.mlmodel; sourceTree = "<group>"; };
		0C4E26EC291FCE6200F9C511 /* SkinSkan.xcdatamodel */ = {isa = PBXFileReference; lastKnownFileType = wrapper.xcdatamodel; path = SkinSkan.xcdatamodel; sourceTree = "<group>"; };
		0C7DD6E928EAC1250071AB78 /* Disease.swift */ = {isa = PBXFileReference; lastKnownFileType = sourcecode.swift; path = Disease.swift; sourceTree = "<group>"; };
		0C81C0622921085C00F6FEA3 /* FeedbackViewController.swift */ = {isa = PBXFileReference; lastKnownFileType = sourcecode.swift; path = FeedbackViewController.swift; sourceTree = "<group>"; };
		0C81C0642921169700F6FEA3 /* AboutViewController.swift */ = {isa = PBXFileReference; lastKnownFileType = sourcecode.swift; path = AboutViewController.swift; sourceTree = "<group>"; };
		0C81C068292165EE00F6FEA3 /* Prediction+CoreDataClass.swift */ = {isa = PBXFileReference; lastKnownFileType = sourcecode.swift; path = "Prediction+CoreDataClass.swift"; sourceTree = "<group>"; };
		0C81C069292165EE00F6FEA3 /* Prediction+CoreDataProperties.swift */ = {isa = PBXFileReference; lastKnownFileType = sourcecode.swift; path = "Prediction+CoreDataProperties.swift"; sourceTree = "<group>"; };
		0C9DC15A28DC7A2900C49FD5 /* NearbyCell.swift */ = {isa = PBXFileReference; lastKnownFileType = sourcecode.swift; path = NearbyCell.swift; sourceTree = "<group>"; };
		0CA4D915290BFC5F00417FFF /* TableViewSections.swift */ = {isa = PBXFileReference; lastKnownFileType = sourcecode.swift; path = TableViewSections.swift; sourceTree = "<group>"; };
		0CAC1C2028DD9D3E00AB3592 /* Dermatologist.swift */ = {isa = PBXFileReference; lastKnownFileType = sourcecode.swift; path = Dermatologist.swift; sourceTree = "<group>"; };
		0CAC1C2228DDA1EC00AB3592 /* NearbyViewController.swift */ = {isa = PBXFileReference; lastKnownFileType = sourcecode.swift; path = NearbyViewController.swift; sourceTree = "<group>"; };
		0CAC1C2428DDA93E00AB3592 /* NearbyDetailViewController.swift */ = {isa = PBXFileReference; lastKnownFileType = sourcecode.swift; path = NearbyDetailViewController.swift; sourceTree = "<group>"; };
		0CAC1C2628DDADD900AB3592 /* NearbyDetailCell.swift */ = {isa = PBXFileReference; lastKnownFileType = sourcecode.swift; path = NearbyDetailCell.swift; sourceTree = "<group>"; };
		0CB7000629226CD600B4CBD4 /* TabBarViewController.swift */ = {isa = PBXFileReference; lastKnownFileType = sourcecode.swift; path = TabBarViewController.swift; sourceTree = "<group>"; };
		0CDA9ED828E3584D00DB37F0 /* TestViewController.swift */ = {isa = PBXFileReference; lastKnownFileType = sourcecode.swift; path = TestViewController.swift; sourceTree = "<group>"; };
		0CDC93D628DB779F009E6E78 /* SkinSkan.app */ = {isa = PBXFileReference; explicitFileType = wrapper.application; includeInIndex = 0; path = SkinSkan.app; sourceTree = BUILT_PRODUCTS_DIR; };
		0CDC93D928DB779F009E6E78 /* AppDelegate.swift */ = {isa = PBXFileReference; lastKnownFileType = sourcecode.swift; path = AppDelegate.swift; sourceTree = "<group>"; };
		0CDC93DB28DB779F009E6E78 /* SceneDelegate.swift */ = {isa = PBXFileReference; lastKnownFileType = sourcecode.swift; path = SceneDelegate.swift; sourceTree = "<group>"; };
		0CDC93E028DB779F009E6E78 /* Base */ = {isa = PBXFileReference; lastKnownFileType = file.storyboard; name = Base; path = Base.lproj/Main.storyboard; sourceTree = "<group>"; };
		0CDC93E228DB77A2009E6E78 /* Assets.xcassets */ = {isa = PBXFileReference; lastKnownFileType = folder.assetcatalog; path = Assets.xcassets; sourceTree = "<group>"; };
		0CDC93E528DB77A2009E6E78 /* Base */ = {isa = PBXFileReference; lastKnownFileType = file.storyboard; name = Base; path = Base.lproj/LaunchScreen.storyboard; sourceTree = "<group>"; };
		0CDC93E728DB77A2009E6E78 /* Info.plist */ = {isa = PBXFileReference; lastKnownFileType = text.plist.xml; path = Info.plist; sourceTree = "<group>"; };
		0CDC93ED28DB7E80009E6E78 /* HomeViewController.swift */ = {isa = PBXFileReference; lastKnownFileType = sourcecode.swift; path = HomeViewController.swift; sourceTree = "<group>"; };
		0CDC93F128DB814A009E6E78 /* InformationViewController.swift */ = {isa = PBXFileReference; lastKnownFileType = sourcecode.swift; path = InformationViewController.swift; sourceTree = "<group>"; };
		0CDC93F528DB8182009E6E78 /* ProfileViewController.swift */ = {isa = PBXFileReference; lastKnownFileType = sourcecode.swift; path = ProfileViewController.swift; sourceTree = "<group>"; };
		0CFDAF1628DDF86E00EAA5E5 /* NearbyDetailTableViewController.swift */ = {isa = PBXFileReference; lastKnownFileType = sourcecode.swift; path = NearbyDetailTableViewController.swift; sourceTree = "<group>"; };
/* End PBXFileReference section */

/* Begin PBXFrameworksBuildPhase section */
		0CDC93D328DB779F009E6E78 /* Frameworks */ = {
			isa = PBXFrameworksBuildPhase;
			buildActionMask = 2147483647;
			files = (
			);
			runOnlyForDeploymentPostprocessing = 0;
		};
/* End PBXFrameworksBuildPhase section */

/* Begin PBXGroup section */
		0C4E26E9291FCC8D00F9C511 /* Model */ = {
			isa = PBXGroup;
			children = (
				0C4E26EB291FCE6200F9C511 /* SkinSkan.xcdatamodeld */,
				0C81C068292165EE00F6FEA3 /* Prediction+CoreDataClass.swift */,
				0C81C069292165EE00F6FEA3 /* Prediction+CoreDataProperties.swift */,
				0CAC1C2028DD9D3E00AB3592 /* Dermatologist.swift */,
				0C7DD6E928EAC1250071AB78 /* Disease.swift */,
				0C234CE72904086C00BA08E3 /* ImageClassifier.swift */,
				0CA4D915290BFC5F00417FFF /* TableViewSections.swift */,
			);
			path = Model;
			sourceTree = "<group>";
		};
		0C81C06C2921661200F6FEA3 /* ViewControllers */ = {
			isa = PBXGroup;
			children = (
				0C81C0642921169700F6FEA3 /* AboutViewController.swift */,
				0C81C0622921085C00F6FEA3 /* FeedbackViewController.swift */,
				0CDC93ED28DB7E80009E6E78 /* HomeViewController.swift */,
				0CDC93F128DB814A009E6E78 /* InformationViewController.swift */,
				0C177B9B28ED7D6D0092A835 /* InformationDetailViewController.swift */,
				0C177B9D28ED7DA60092A835 /* InformationDetailTableViewController.swift */,
				0CAC1C2228DDA1EC00AB3592 /* NearbyViewController.swift */,
				0CAC1C2428DDA93E00AB3592 /* NearbyDetailViewController.swift */,
				0CFDAF1628DDF86E00EAA5E5 /* NearbyDetailTableViewController.swift */,
				0CDC93F528DB8182009E6E78 /* ProfileViewController.swift */,
				0C234CE32903FCBA00BA08E3 /* ResultViewController.swift */,
				0CB7000629226CD600B4CBD4 /* TabBarViewController.swift */,
				0CDA9ED828E3584D00DB37F0 /* TestViewController.swift */,
			);
			path = ViewControllers;
			sourceTree = "<group>";
		};
		0C81C06D2921662900F6FEA3 /* TableViewCells */ = {
			isa = PBXGroup;
			children = (
				0C9DC15A28DC7A2900C49FD5 /* NearbyCell.swift */,
				0CAC1C2628DDADD900AB3592 /* NearbyDetailCell.swift */,
				0C0178EB290810D700E37847 /* NearbyDetailImageCollectionViewCell.swift */,
				0C4E26E3291A5C5200F9C511 /* ProfileCell.swift */,
			);
			path = TableViewCells;
			sourceTree = "<group>";
		};
		0CDC93CD28DB779F009E6E78 = {
			isa = PBXGroup;
			children = (
				0CDC93D828DB779F009E6E78 /* SkinSkan */,
				0CDC93D728DB779F009E6E78 /* Products */,
			);
			sourceTree = "<group>";
		};
		0CDC93D728DB779F009E6E78 /* Products */ = {
			isa = PBXGroup;
			children = (
				0CDC93D628DB779F009E6E78 /* SkinSkan.app */,
			);
			name = Products;
			sourceTree = "<group>";
		};
		0CDC93D828DB779F009E6E78 /* SkinSkan */ = {
			isa = PBXGroup;
			children = (
				0CDC93E728DB77A2009E6E78 /* Info.plist */,
				0CDC93E228DB77A2009E6E78 /* Assets.xcassets */,
				0CDC93E428DB77A2009E6E78 /* LaunchScreen.storyboard */,
				0CDC93DF28DB779F009E6E78 /* Main.storyboard */,
				0CDC93D928DB779F009E6E78 /* AppDelegate.swift */,
				0CDC93DB28DB779F009E6E78 /* SceneDelegate.swift */,
				0C4E26E7291F964800F9C511 /* SkinSkanTest.mlmodel */,
				0C4E26E9291FCC8D00F9C511 /* Model */,
				0C81C06D2921662900F6FEA3 /* TableViewCells */,
				0C81C06C2921661200F6FEA3 /* ViewControllers */,
			);
			path = SkinSkan;
			sourceTree = "<group>";
		};
/* End PBXGroup section */

/* Begin PBXNativeTarget section */
		0CDC93D528DB779F009E6E78 /* SkinSkan */ = {
			isa = PBXNativeTarget;
			buildConfigurationList = 0CDC93EA28DB77A2009E6E78 /* Build configuration list for PBXNativeTarget "SkinSkan" */;
			buildPhases = (
				0CDC93D228DB779F009E6E78 /* Sources */,
				0CDC93D328DB779F009E6E78 /* Frameworks */,
				0CDC93D428DB779F009E6E78 /* Resources */,
			);
			buildRules = (
			);
			dependencies = (
			);
			name = SkinSkan;
			productName = SkinSkan;
			productReference = 0CDC93D628DB779F009E6E78 /* SkinSkan.app */;
			productType = "com.apple.product-type.application";
		};
/* End PBXNativeTarget section */

/* Begin PBXProject section */
		0CDC93CE28DB779F009E6E78 /* Project object */ = {
			isa = PBXProject;
			attributes = {
				BuildIndependentTargetsInParallel = 1;
				LastSwiftUpdateCheck = 1340;
				LastUpgradeCheck = 1340;
				TargetAttributes = {
					0CDC93D528DB779F009E6E78 = {
						CreatedOnToolsVersion = 13.4.1;
					};
				};
			};
			buildConfigurationList = 0CDC93D128DB779F009E6E78 /* Build configuration list for PBXProject "SkinSkan" */;
			compatibilityVersion = "Xcode 13.0";
			developmentRegion = en;
			hasScannedForEncodings = 0;
			knownRegions = (
				en,
				Base,
			);
			mainGroup = 0CDC93CD28DB779F009E6E78;
			productRefGroup = 0CDC93D728DB779F009E6E78 /* Products */;
			projectDirPath = "";
			projectRoot = "";
			targets = (
				0CDC93D528DB779F009E6E78 /* SkinSkan */,
			);
		};
/* End PBXProject section */

/* Begin PBXResourcesBuildPhase section */
		0CDC93D428DB779F009E6E78 /* Resources */ = {
			isa = PBXResourcesBuildPhase;
			buildActionMask = 2147483647;
			files = (
				0CDC93E628DB77A2009E6E78 /* LaunchScreen.storyboard in Resources */,
				0CDC93E328DB77A2009E6E78 /* Assets.xcassets in Resources */,
				0CDC93E128DB779F009E6E78 /* Main.storyboard in Resources */,
			);
			runOnlyForDeploymentPostprocessing = 0;
		};
/* End PBXResourcesBuildPhase section */

/* Begin PBXSourcesBuildPhase section */
		0CDC93D228DB779F009E6E78 /* Sources */ = {
			isa = PBXSourcesBuildPhase;
			buildActionMask = 2147483647;
			files = (
				0C7DD6EA28EAC1250071AB78 /* Disease.swift in Sources */,
				0C234CE42903FCBA00BA08E3 /* ResultViewController.swift in Sources */,
				0CA4D916290BFC5F00417FFF /* TableViewSections.swift in Sources */,
				0CDC93DA28DB779F009E6E78 /* AppDelegate.swift in Sources */,
				0CB7000729226CD600B4CBD4 /* TabBarViewController.swift in Sources */,
				0CAC1C2728DDADD900AB3592 /* NearbyDetailCell.swift in Sources */,
				0CDC93DC28DB779F009E6E78 /* SceneDelegate.swift in Sources */,
				0C4E26ED291FCE6200F9C511 /* SkinSkan.xcdatamodeld in Sources */,
				0C81C0632921085C00F6FEA3 /* FeedbackViewController.swift in Sources */,
				0C177B9E28ED7DA60092A835 /* InformationDetailTableViewController.swift in Sources */,
				0CDC93EE28DB7E80009E6E78 /* HomeViewController.swift in Sources */,
				0C81C06A292165EE00F6FEA3 /* Prediction+CoreDataClass.swift in Sources */,
				0CDA9ED928E3584D00DB37F0 /* TestViewController.swift in Sources */,
				0CAC1C2528DDA93E00AB3592 /* NearbyDetailViewController.swift in Sources */,
				0C9DC15B28DC7A2900C49FD5 /* NearbyCell.swift in Sources */,
				0CFDAF1728DDF86E00EAA5E5 /* NearbyDetailTableViewController.swift in Sources */,
				0C4E26E4291A5C5300F9C511 /* ProfileCell.swift in Sources */,
				0C81C0652921169700F6FEA3 /* AboutViewController.swift in Sources */,
				0C234CE82904086C00BA08E3 /* ImageClassifier.swift in Sources */,
				0C0178EC290810D700E37847 /* NearbyDetailImageCollectionViewCell.swift in Sources */,
				0C81C06B292165EE00F6FEA3 /* Prediction+CoreDataProperties.swift in Sources */,
				0C4E26E8291F964800F9C511 /* SkinSkanTest.mlmodel in Sources */,
				0CDC93F628DB8182009E6E78 /* ProfileViewController.swift in Sources */,
				0CDC93F228DB814A009E6E78 /* InformationViewController.swift in Sources */,
				0CAC1C2328DDA1EC00AB3592 /* NearbyViewController.swift in Sources */,
				0CAC1C2128DD9D3E00AB3592 /* Dermatologist.swift in Sources */,
				0C177B9C28ED7D6D0092A835 /* InformationDetailViewController.swift in Sources */,
			);
			runOnlyForDeploymentPostprocessing = 0;
		};
/* End PBXSourcesBuildPhase section */

/* Begin PBXVariantGroup section */
		0CDC93DF28DB779F009E6E78 /* Main.storyboard */ = {
			isa = PBXVariantGroup;
			children = (
				0CDC93E028DB779F009E6E78 /* Base */,
			);
			name = Main.storyboard;
			sourceTree = "<group>";
		};
		0CDC93E428DB77A2009E6E78 /* LaunchScreen.storyboard */ = {
			isa = PBXVariantGroup;
			children = (
				0CDC93E528DB77A2009E6E78 /* Base */,
			);
			name = LaunchScreen.storyboard;
			sourceTree = "<group>";
		};
/* End PBXVariantGroup section */

/* Begin XCBuildConfiguration section */
		0CDC93E828DB77A2009E6E78 /* Debug */ = {
			isa = XCBuildConfiguration;
			buildSettings = {
				ALWAYS_SEARCH_USER_PATHS = NO;
				CLANG_ANALYZER_NONNULL = YES;
				CLANG_ANALYZER_NUMBER_OBJECT_CONVERSION = YES_AGGRESSIVE;
				CLANG_CXX_LANGUAGE_STANDARD = "gnu++17";
				CLANG_ENABLE_MODULES = YES;
				CLANG_ENABLE_OBJC_ARC = YES;
				CLANG_ENABLE_OBJC_WEAK = YES;
				CLANG_WARN_BLOCK_CAPTURE_AUTORELEASING = YES;
				CLANG_WARN_BOOL_CONVERSION = YES;
				CLANG_WARN_COMMA = YES;
				CLANG_WARN_CONSTANT_CONVERSION = YES;
				CLANG_WARN_DEPRECATED_OBJC_IMPLEMENTATIONS = YES;
				CLANG_WARN_DIRECT_OBJC_ISA_USAGE = YES_ERROR;
				CLANG_WARN_DOCUMENTATION_COMMENTS = YES;
				CLANG_WARN_EMPTY_BODY = YES;
				CLANG_WARN_ENUM_CONVERSION = YES;
				CLANG_WARN_INFINITE_RECURSION = YES;
				CLANG_WARN_INT_CONVERSION = YES;
				CLANG_WARN_NON_LITERAL_NULL_CONVERSION = YES;
				CLANG_WARN_OBJC_IMPLICIT_RETAIN_SELF = YES;
				CLANG_WARN_OBJC_LITERAL_CONVERSION = YES;
				CLANG_WARN_OBJC_ROOT_CLASS = YES_ERROR;
				CLANG_WARN_QUOTED_INCLUDE_IN_FRAMEWORK_HEADER = YES;
				CLANG_WARN_RANGE_LOOP_ANALYSIS = YES;
				CLANG_WARN_STRICT_PROTOTYPES = YES;
				CLANG_WARN_SUSPICIOUS_MOVE = YES;
				CLANG_WARN_UNGUARDED_AVAILABILITY = YES_AGGRESSIVE;
				CLANG_WARN_UNREACHABLE_CODE = YES;
				CLANG_WARN__DUPLICATE_METHOD_MATCH = YES;
				COPY_PHASE_STRIP = NO;
				DEBUG_INFORMATION_FORMAT = dwarf;
				ENABLE_STRICT_OBJC_MSGSEND = YES;
				ENABLE_TESTABILITY = YES;
				GCC_C_LANGUAGE_STANDARD = gnu11;
				GCC_DYNAMIC_NO_PIC = NO;
				GCC_NO_COMMON_BLOCKS = YES;
				GCC_OPTIMIZATION_LEVEL = 0;
				GCC_PREPROCESSOR_DEFINITIONS = (
					"DEBUG=1",
					"$(inherited)",
				);
				GCC_WARN_64_TO_32_BIT_CONVERSION = YES;
				GCC_WARN_ABOUT_RETURN_TYPE = YES_ERROR;
				GCC_WARN_UNDECLARED_SELECTOR = YES;
				GCC_WARN_UNINITIALIZED_AUTOS = YES_AGGRESSIVE;
				GCC_WARN_UNUSED_FUNCTION = YES;
				GCC_WARN_UNUSED_VARIABLE = YES;
				IPHONEOS_DEPLOYMENT_TARGET = 15.5;
				MTL_ENABLE_DEBUG_INFO = INCLUDE_SOURCE;
				MTL_FAST_MATH = YES;
				ONLY_ACTIVE_ARCH = YES;
				SDKROOT = iphoneos;
				SWIFT_ACTIVE_COMPILATION_CONDITIONS = DEBUG;
				SWIFT_OPTIMIZATION_LEVEL = "-Onone";
			};
			name = Debug;
		};
		0CDC93E928DB77A2009E6E78 /* Release */ = {
			isa = XCBuildConfiguration;
			buildSettings = {
				ALWAYS_SEARCH_USER_PATHS = NO;
				CLANG_ANALYZER_NONNULL = YES;
				CLANG_ANALYZER_NUMBER_OBJECT_CONVERSION = YES_AGGRESSIVE;
				CLANG_CXX_LANGUAGE_STANDARD = "gnu++17";
				CLANG_ENABLE_MODULES = YES;
				CLANG_ENABLE_OBJC_ARC = YES;
				CLANG_ENABLE_OBJC_WEAK = YES;
				CLANG_WARN_BLOCK_CAPTURE_AUTORELEASING = YES;
				CLANG_WARN_BOOL_CONVERSION = YES;
				CLANG_WARN_COMMA = YES;
				CLANG_WARN_CONSTANT_CONVERSION = YES;
				CLANG_WARN_DEPRECATED_OBJC_IMPLEMENTATIONS = YES;
				CLANG_WARN_DIRECT_OBJC_ISA_USAGE = YES_ERROR;
				CLANG_WARN_DOCUMENTATION_COMMENTS = YES;
				CLANG_WARN_EMPTY_BODY = YES;
				CLANG_WARN_ENUM_CONVERSION = YES;
				CLANG_WARN_INFINITE_RECURSION = YES;
				CLANG_WARN_INT_CONVERSION = YES;
				CLANG_WARN_NON_LITERAL_NULL_CONVERSION = YES;
				CLANG_WARN_OBJC_IMPLICIT_RETAIN_SELF = YES;
				CLANG_WARN_OBJC_LITERAL_CONVERSION = YES;
				CLANG_WARN_OBJC_ROOT_CLASS = YES_ERROR;
				CLANG_WARN_QUOTED_INCLUDE_IN_FRAMEWORK_HEADER = YES;
				CLANG_WARN_RANGE_LOOP_ANALYSIS = YES;
				CLANG_WARN_STRICT_PROTOTYPES = YES;
				CLANG_WARN_SUSPICIOUS_MOVE = YES;
				CLANG_WARN_UNGUARDED_AVAILABILITY = YES_AGGRESSIVE;
				CLANG_WARN_UNREACHABLE_CODE = YES;
				CLANG_WARN__DUPLICATE_METHOD_MATCH = YES;
				COPY_PHASE_STRIP = NO;
				DEBUG_INFORMATION_FORMAT = "dwarf-with-dsym";
				ENABLE_NS_ASSERTIONS = NO;
				ENABLE_STRICT_OBJC_MSGSEND = YES;
				GCC_C_LANGUAGE_STANDARD = gnu11;
				GCC_NO_COMMON_BLOCKS = YES;
				GCC_WARN_64_TO_32_BIT_CONVERSION = YES;
				GCC_WARN_ABOUT_RETURN_TYPE = YES_ERROR;
				GCC_WARN_UNDECLARED_SELECTOR = YES;
				GCC_WARN_UNINITIALIZED_AUTOS = YES_AGGRESSIVE;
				GCC_WARN_UNUSED_FUNCTION = YES;
				GCC_WARN_UNUSED_VARIABLE = YES;
				IPHONEOS_DEPLOYMENT_TARGET = 15.5;
				MTL_ENABLE_DEBUG_INFO = NO;
				MTL_FAST_MATH = YES;
				SDKROOT = iphoneos;
				SWIFT_COMPILATION_MODE = wholemodule;
				SWIFT_OPTIMIZATION_LEVEL = "-O";
				VALIDATE_PRODUCT = YES;
			};
			name = Release;
		};
		0CDC93EB28DB77A2009E6E78 /* Debug */ = {
			isa = XCBuildConfiguration;
			buildSettings = {
				ASSETCATALOG_COMPILER_APPICON_NAME = AppIcon;
				ASSETCATALOG_COMPILER_GLOBAL_ACCENT_COLOR_NAME = AccentColor;
				CODE_SIGN_STYLE = Automatic;
				CURRENT_PROJECT_VERSION = 1;
				DEVELOPMENT_TEAM = 9Y6MTTRKK5;
				GENERATE_INFOPLIST_FILE = YES;
				INFOPLIST_FILE = SkinSkan/Info.plist;
				INFOPLIST_KEY_LSApplicationCategoryType = "";
				INFOPLIST_KEY_NSCameraUsageDescription = "This app requires Camera access to obtain pictures for prediction.";
				INFOPLIST_KEY_NSLocationAlwaysAndWhenInUseUsageDescription = "This app requires location services to obtain nearby dermatologists.";
				INFOPLIST_KEY_NSLocationWhenInUseUsageDescription = "This app requires location services to obtain nearby dermatologists.";
				INFOPLIST_KEY_NSPhotoLibraryUsageDescription = "This app requires Photo Library access to obtain pictures for prediction.";
				INFOPLIST_KEY_UIApplicationSupportsIndirectInputEvents = YES;
				INFOPLIST_KEY_UILaunchStoryboardName = LaunchScreen;
				INFOPLIST_KEY_UIMainStoryboardFile = Main;
				INFOPLIST_KEY_UISupportedInterfaceOrientations = UIInterfaceOrientationPortrait;
				INFOPLIST_KEY_UISupportedInterfaceOrientations_iPad = "UIInterfaceOrientationPortrait UIInterfaceOrientationPortraitUpsideDown";
				LD_RUNPATH_SEARCH_PATHS = (
					"$(inherited)",
					"@executable_path/Frameworks",
				);
				MARKETING_VERSION = 1.0;
				PRODUCT_BUNDLE_IDENTIFIER = com.brian.SkinSkan;
				PRODUCT_NAME = "$(TARGET_NAME)";
				SWIFT_EMIT_LOC_STRINGS = YES;
				SWIFT_VERSION = 5.0;
				TARGETED_DEVICE_FAMILY = "1,2";
			};
			name = Debug;
		};
		0CDC93EC28DB77A2009E6E78 /* Release */ = {
			isa = XCBuildConfiguration;
			buildSettings = {
				ASSETCATALOG_COMPILER_APPICON_NAME = AppIcon;
				ASSETCATALOG_COMPILER_GLOBAL_ACCENT_COLOR_NAME = AccentColor;
				CODE_SIGN_STYLE = Automatic;
				CURRENT_PROJECT_VERSION = 1;
				DEVELOPMENT_TEAM = 9Y6MTTRKK5;
				GENERATE_INFOPLIST_FILE = YES;
				INFOPLIST_FILE = SkinSkan/Info.plist;
				INFOPLIST_KEY_LSApplicationCategoryType = "";
				INFOPLIST_KEY_NSCameraUsageDescription = "This app requires Camera access to obtain pictures for prediction.";
				INFOPLIST_KEY_NSLocationAlwaysAndWhenInUseUsageDescription = "This app requires location services to obtain nearby dermatologists.";
				INFOPLIST_KEY_NSLocationWhenInUseUsageDescription = "This app requires location services to obtain nearby dermatologists.";
				INFOPLIST_KEY_NSPhotoLibraryUsageDescription = "This app requires Photo Library access to obtain pictures for prediction.";
				INFOPLIST_KEY_UIApplicationSupportsIndirectInputEvents = YES;
				INFOPLIST_KEY_UILaunchStoryboardName = LaunchScreen;
				INFOPLIST_KEY_UIMainStoryboardFile = Main;
				INFOPLIST_KEY_UISupportedInterfaceOrientations = UIInterfaceOrientationPortrait;
				INFOPLIST_KEY_UISupportedInterfaceOrientations_iPad = "UIInterfaceOrientationPortrait UIInterfaceOrientationPortraitUpsideDown";
				LD_RUNPATH_SEARCH_PATHS = (
					"$(inherited)",
					"@executable_path/Frameworks",
				);
				MARKETING_VERSION = 1.0;
				PRODUCT_BUNDLE_IDENTIFIER = com.brian.SkinSkan;
				PRODUCT_NAME = "$(TARGET_NAME)";
				SWIFT_EMIT_LOC_STRINGS = YES;
				SWIFT_VERSION = 5.0;
				TARGETED_DEVICE_FAMILY = "1,2";
			};
			name = Release;
		};
/* End XCBuildConfiguration section */

/* Begin XCConfigurationList section */
		0CDC93D128DB779F009E6E78 /* Build configuration list for PBXProject "SkinSkan" */ = {
			isa = XCConfigurationList;
			buildConfigurations = (
				0CDC93E828DB77A2009E6E78 /* Debug */,
				0CDC93E928DB77A2009E6E78 /* Release */,
			);
			defaultConfigurationIsVisible = 0;
			defaultConfigurationName = Release;
		};
		0CDC93EA28DB77A2009E6E78 /* Build configuration list for PBXNativeTarget "SkinSkan" */ = {
			isa = XCConfigurationList;
			buildConfigurations = (
				0CDC93EB28DB77A2009E6E78 /* Debug */,
				0CDC93EC28DB77A2009E6E78 /* Release */,
			);
			defaultConfigurationIsVisible = 0;
			defaultConfigurationName = Release;
		};
/* End XCConfigurationList section */

/* Begin XCVersionGroup section */
		0C4E26EB291FCE6200F9C511 /* SkinSkan.xcdatamodeld */ = {
			isa = XCVersionGroup;
			children = (
				0C4E26EC291FCE6200F9C511 /* SkinSkan.xcdatamodel */,
			);
			currentVersion = 0C4E26EC291FCE6200F9C511 /* SkinSkan.xcdatamodel */;
			path = SkinSkan.xcdatamodeld;
			sourceTree = "<group>";
			versionGroupType = wrapper.xcdatamodel;
		};
/* End XCVersionGroup section */
	};
	rootObject = 0CDC93CE28DB779F009E6E78 /* Project object */;
}
